
Microsoft Visual Studio Solution File, Format Version 12.00
# Visual Studio Version 16
VisualStudioVersion = 16.0.29806.167
MinimumVisualStudioVersion = 10.0.40219.1
Project("{FAE04EC0-301F-11D3-BF4B-00C04F79EFBC}") = "Ejercicio 2", "Ejercicio 2\Ejercicio 2.csproj", "{FF344E01-9973-4784-A49D-30824BAEED91}"
EndProject
Global
	GlobalSection(SolutionConfigurationPlatforms) = preSolution
		Debug|Any CPU = Debug|Any CPU
		Release|Any CPU = Release|Any CPU
	EndGlobalSection
	GlobalSection(ProjectConfigurationPlatforms) = postSolution
		{FF344E01-9973-4784-A49D-30824BAEED91}.Debug|Any CPU.ActiveCfg = Debug|Any CPU
		{FF344E01-9973-4784-A49D-30824BAEED91}.Debug|Any CPU.Build.0 = Debug|Any CPU
		{FF344E01-9973-4784-A49D-30824BAEED91}.Release|Any CPU.ActiveCfg = Release|Any CPU
		{FF344E01-9973-4784-A49D-30824BAEED91}.Release|Any CPU.Build.0 = Release|Any CPU
	EndGlobalSection
	GlobalSection(SolutionProperties) = preSolution
		HideSolutionNode = FALSE
	EndGlobalSection
	GlobalSection(ExtensibilityGlobals) = postSolution
		SolutionGuid = {44702122-AFE1-4AAA-BBB8-6F98A0ABFAFE}
	EndGlobalSection
EndGlobal
